
Microsoft Visual Studio Solution File, Format Version 12.00
# Visual Studio 15
Project("{FAE04EC0-301F-11D3-BF4B-00C04F79EFBC}") = "Pour_Decisions", "Pour_Decisions.csproj", "{97D0F4FB-9F8B-560B-8B28-64D3361665EE}"
EndProject
Project("{FAE04EC0-301F-11D3-BF4B-00C04F79EFBC}") = "Pour_Decisions.Editor", "Pour_Decisions.Editor.csproj", "{EFC9862E-0B75-B5C2-A2AD-26ED52AB11DF}"
EndProject
Global
	GlobalSection(SolutionConfigurationPlatforms) = preSolution
		Debug|Any CPU = Debug|Any CPU
		Release|Any CPU = Release|Any CPU
	EndGlobalSection
	GlobalSection(ProjectConfigurationPlatforms) = postSolution
		{97D0F4FB-9F8B-560B-8B28-64D3361665EE}.Debug|Any CPU.ActiveCfg = Debug|Any CPU
		{97D0F4FB-9F8B-560B-8B28-64D3361665EE}.Debug|Any CPU.Build.0 = Debug|Any CPU
		{97D0F4FB-9F8B-560B-8B28-64D3361665EE}.Release|Any CPU.ActiveCfg = Release|Any CPU
		{97D0F4FB-9F8B-560B-8B28-64D3361665EE}.Release|Any CPU.Build.0 = Release|Any CPU
		{EFC9862E-0B75-B5C2-A2AD-26ED52AB11DF}.Debug|Any CPU.ActiveCfg = Debug|Any CPU
		{EFC9862E-0B75-B5C2-A2AD-26ED52AB11DF}.Debug|Any CPU.Build.0 = Debug|Any CPU
		{EFC9862E-0B75-B5C2-A2AD-26ED52AB11DF}.Release|Any CPU.ActiveCfg = Release|Any CPU
		{EFC9862E-0B75-B5C2-A2AD-26ED52AB11DF}.Release|Any CPU.Build.0 = Release|Any CPU
	EndGlobalSection
	GlobalSection(SolutionProperties) = preSolution
		HideSolutionNode = FALSE
	EndGlobalSection
EndGlobal
